
Microsoft Visual Studio Solution File, Format Version 12.00
# Visual Studio 15
VisualStudioVersion = 15.0.28307.960
MinimumVisualStudioVersion = 10.0.40219.1
Project("{FAE04EC0-301F-11D3-BF4B-00C04F79EFBC}") = "CloneDroneModdedMultiplayer", "CloneDroneModdedMultiplayer\CloneDroneModdedMultiplayer.csproj", "{BFFE89FE-4579-42AD-9696-04B219E3C7BE}"
EndProject
Project("{FAE04EC0-301F-11D3-BF4B-00C04F79EFBC}") = "NetworkAutoUpdator", "NetworkAutoUpdator\NetworkAutoUpdator.csproj", "{9F60A060-F6D9-4A78-BE95-9E8E0910362A}"
EndProject
Global
	GlobalSection(SolutionConfigurationPlatforms) = preSolution
		Debug|Any CPU = Debug|Any CPU
		Release|Any CPU = Release|Any CPU
	EndGlobalSection
	GlobalSection(ProjectConfigurationPlatforms) = postSolution
		{BFFE89FE-4579-42AD-9696-04B219E3C7BE}.Debug|Any CPU.ActiveCfg = Debug|Any CPU
		{BFFE89FE-4579-42AD-9696-04B219E3C7BE}.Debug|Any CPU.Build.0 = Debug|Any CPU
		{BFFE89FE-4579-42AD-9696-04B219E3C7BE}.Release|Any CPU.ActiveCfg = Release|Any CPU
		{BFFE89FE-4579-42AD-9696-04B219E3C7BE}.Release|Any CPU.Build.0 = Release|Any CPU
		{9F60A060-F6D9-4A78-BE95-9E8E0910362A}.Debug|Any CPU.ActiveCfg = Debug|Any CPU
		{9F60A060-F6D9-4A78-BE95-9E8E0910362A}.Debug|Any CPU.Build.0 = Debug|Any CPU
		{9F60A060-F6D9-4A78-BE95-9E8E0910362A}.Release|Any CPU.ActiveCfg = Release|Any CPU
		{9F60A060-F6D9-4A78-BE95-9E8E0910362A}.Release|Any CPU.Build.0 = Release|Any CPU
	EndGlobalSection
	GlobalSection(SolutionProperties) = preSolution
		HideSolutionNode = FALSE
	EndGlobalSection
	GlobalSection(ExtensibilityGlobals) = postSolution
		SolutionGuid = {137C6D8A-8D71-48DA-91D4-B192FDF9A6A2}
	EndGlobalSection
EndGlobal
